
Microsoft Visual Studio Solution File, Format Version 12.00
# Visual Studio Version 16
VisualStudioVersion = 16.0.31129.286
MinimumVisualStudioVersion = 10.0.40219.1
Project("{FAE04EC0-301F-11D3-BF4B-00C04F79EFBC}") = "MVCProje", "MVCProje\MVCProje.csproj", "{0D32217A-5692-469F-BF79-051F4A82A04D}"
EndProject
Project("{FAE04EC0-301F-11D3-BF4B-00C04F79EFBC}") = "EntityLayer", "EntityLayer\EntityLayer.csproj", "{B52C2891-829F-40F2-9707-529DE7F2CB7F}"
EndProject
Project("{FAE04EC0-301F-11D3-BF4B-00C04F79EFBC}") = "DataAccessLayer", "DataAccessLayer\DataAccessLayer.csproj", "{5A18BC34-3DFB-4F8C-A925-575C9284940D}"
EndProject
Project("{FAE04EC0-301F-11D3-BF4B-00C04F79EFBC}") = "BusinessLayer", "BusinessLayer\BusinessLayer.csproj", "{BB0799D8-A093-4CA4-8A26-09D8269D8E34}"
EndProject
Global
	GlobalSection(SolutionConfigurationPlatforms) = preSolution
		Debug|Any CPU = Debug|Any CPU
		Release|Any CPU = Release|Any CPU
	EndGlobalSection
	GlobalSection(ProjectConfigurationPlatforms) = postSolution
		{0D32217A-5692-469F-BF79-051F4A82A04D}.Debug|Any CPU.ActiveCfg = Debug|Any CPU
		{0D32217A-5692-469F-BF79-051F4A82A04D}.Debug|Any CPU.Build.0 = Debug|Any CPU
		{0D32217A-5692-469F-BF79-051F4A82A04D}.Release|Any CPU.ActiveCfg = Release|Any CPU
		{0D32217A-5692-469F-BF79-051F4A82A04D}.Release|Any CPU.Build.0 = Release|Any CPU
		{B52C2891-829F-40F2-9707-529DE7F2CB7F}.Debug|Any CPU.ActiveCfg = Debug|Any CPU
		{B52C2891-829F-40F2-9707-529DE7F2CB7F}.Debug|Any CPU.Build.0 = Debug|Any CPU
		{B52C2891-829F-40F2-9707-529DE7F2CB7F}.Release|Any CPU.ActiveCfg = Release|Any CPU
		{B52C2891-829F-40F2-9707-529DE7F2CB7F}.Release|Any CPU.Build.0 = Release|Any CPU
		{5A18BC34-3DFB-4F8C-A925-575C9284940D}.Debug|Any CPU.ActiveCfg = Debug|Any CPU
		{5A18BC34-3DFB-4F8C-A925-575C9284940D}.Debug|Any CPU.Build.0 = Debug|Any CPU
		{5A18BC34-3DFB-4F8C-A925-575C9284940D}.Release|Any CPU.ActiveCfg = Release|Any CPU
		{5A18BC34-3DFB-4F8C-A925-575C9284940D}.Release|Any CPU.Build.0 = Release|Any CPU
		{BB0799D8-A093-4CA4-8A26-09D8269D8E34}.Debug|Any CPU.ActiveCfg = Debug|Any CPU
		{BB0799D8-A093-4CA4-8A26-09D8269D8E34}.Debug|Any CPU.Build.0 = Debug|Any CPU
		{BB0799D8-A093-4CA4-8A26-09D8269D8E34}.Release|Any CPU.ActiveCfg = Release|Any CPU
		{BB0799D8-A093-4CA4-8A26-09D8269D8E34}.Release|Any CPU.Build.0 = Release|Any CPU
	EndGlobalSection
	GlobalSection(SolutionProperties) = preSolution
		HideSolutionNode = FALSE
	EndGlobalSection
	GlobalSection(ExtensibilityGlobals) = postSolution
		SolutionGuid = {95CFCF38-7F9D-470A-B88A-973C3CBE0A11}
	EndGlobalSection
EndGlobal
